
Microsoft Visual Studio Solution File, Format Version 12.00
# Visual Studio Version 16
VisualStudioVersion = 16.0.29209.62
MinimumVisualStudioVersion = 10.0.40219.1
Project("{FAE04EC0-301F-11D3-BF4B-00C04F79EFBC}") = "YouTubeLive-ViewBot", "YouTubeLive-ViewBot\YouTubeLive-ViewBot.csproj", "{DF23FEC4-45C0-48D0-BA69-AC66552378FC}"
EndProject
Global
	GlobalSection(SolutionConfigurationPlatforms) = preSolution
		Debug|Any CPU = Debug|Any CPU
		Release|Any CPU = Release|Any CPU
	EndGlobalSection
	GlobalSection(ProjectConfigurationPlatforms) = postSolution
		{DF23FEC4-45C0-48D0-BA69-AC66552378FC}.Debug|Any CPU.ActiveCfg = Debug|Any CPU
		{DF23FEC4-45C0-48D0-BA69-AC66552378FC}.Debug|Any CPU.Build.0 = Debug|Any CPU
		{DF23FEC4-45C0-48D0-BA69-AC66552378FC}.Release|Any CPU.ActiveCfg = Release|Any CPU
		{DF23FEC4-45C0-48D0-BA69-AC66552378FC}.Release|Any CPU.Build.0 = Release|Any CPU
	EndGlobalSection
	GlobalSection(SolutionProperties) = preSolution
		HideSolutionNode = FALSE
	EndGlobalSection
	GlobalSection(ExtensibilityGlobals) = postSolution
		SolutionGuid = {CF2B705C-1017-428E-A39D-57E95D9E96B7}
	EndGlobalSection
EndGlobal
